
Microsoft Visual Studio Solution File, Format Version 10.00
# Visual Studio 2008
Project("{FAE04EC0-301F-11D3-BF4B-00C04F79EFBC}") = "WinCE", "WinCE\WinCE.csproj", "{0A61DFC8-702E-4AD2-839F-4F84A7DE2EBC}"
EndProject
Project("{FAE04EC0-301F-11D3-BF4B-00C04F79EFBC}") = "NetworkAPI", "NetworkAPI\NetworkAPI.csproj", "{633E4450-A619-47CD-A365-3EEC5CAD661E}"
EndProject
Project("{8BC9CEB8-8B4A-11D0-8D11-00A0C91BC942}") = "WOLFSSL", "WOLFSSL\WOLFSSL.vcproj", "{6E6F3282-9AAB-456B-A56E-C064D798E975}"
EndProject
Project("{FAE04EC0-301F-11D3-BF4B-00C04F79EFBC}") = "wolfSSL_CSharp", "wolfSSL_CSharp\wolfSSL_CSharp.csproj", "{3876B0EF-515C-4991-8EAD-338923299384}"
EndProject
Global
	GlobalSection(SolutionConfigurationPlatforms) = preSolution
		Debug|.NET = Debug|.NET
		Debug|Any CPU = Debug|Any CPU
		Debug|LathemCTPX (ARMv4I) = Debug|LathemCTPX (ARMv4I)
		Debug|Mixed Platforms = Debug|Mixed Platforms
		Debug|Pocket PC 2003 (ARMV4) = Debug|Pocket PC 2003 (ARMV4)
		Debug|Win32 = Debug|Win32
		Debug|x86 = Debug|x86
		Release|.NET = Release|.NET
		Release|Any CPU = Release|Any CPU
		Release|LathemCTPX (ARMv4I) = Release|LathemCTPX (ARMv4I)
		Release|Mixed Platforms = Release|Mixed Platforms
		Release|Pocket PC 2003 (ARMV4) = Release|Pocket PC 2003 (ARMV4)
		Release|Win32 = Release|Win32
		Release|x86 = Release|x86
		ZClock|.NET = ZClock|.NET
		ZClock|Any CPU = ZClock|Any CPU
		ZClock|LathemCTPX (ARMv4I) = ZClock|LathemCTPX (ARMv4I)
		ZClock|Mixed Platforms = ZClock|Mixed Platforms
		ZClock|Pocket PC 2003 (ARMV4) = ZClock|Pocket PC 2003 (ARMV4)
		ZClock|Win32 = ZClock|Win32
		ZClock|x86 = ZClock|x86
	EndGlobalSection
	GlobalSection(ProjectConfigurationPlatforms) = postSolution
		{0A61DFC8-702E-4AD2-839F-4F84A7DE2EBC}.Debug|.NET.ActiveCfg = Debug|Any CPU
		{0A61DFC8-702E-4AD2-839F-4F84A7DE2EBC}.Debug|Any CPU.ActiveCfg = Debug|Any CPU
		{0A61DFC8-702E-4AD2-839F-4F84A7DE2EBC}.Debug|LathemCTPX (ARMv4I).ActiveCfg = Debug|Any CPU
		{0A61DFC8-702E-4AD2-839F-4F84A7DE2EBC}.Debug|Mixed Platforms.ActiveCfg = Debug|Any CPU
		{0A61DFC8-702E-4AD2-839F-4F84A7DE2EBC}.Debug|Mixed Platforms.Build.0 = Debug|Any CPU
		{0A61DFC8-702E-4AD2-839F-4F84A7DE2EBC}.Debug|Mixed Platforms.Deploy.0 = Debug|Any CPU
		{0A61DFC8-702E-4AD2-839F-4F84A7DE2EBC}.Debug|Pocket PC 2003 (ARMV4).ActiveCfg = Debug|Any CPU
		{0A61DFC8-702E-4AD2-839F-4F84A7DE2EBC}.Debug|Win32.ActiveCfg = Debug|Any CPU
		{0A61DFC8-702E-4AD2-839F-4F84A7DE2EBC}.Debug|x86.ActiveCfg = Debug|Any CPU
		{0A61DFC8-702E-4AD2-839F-4F84A7DE2EBC}.Release|.NET.ActiveCfg = Release|Any CPU
		{0A61DFC8-702E-4AD2-839F-4F84A7DE2EBC}.Release|Any CPU.ActiveCfg = Release|Any CPU
		{0A61DFC8-702E-4AD2-839F-4F84A7DE2EBC}.Release|Any CPU.Build.0 = Release|Any CPU
		{0A61DFC8-702E-4AD2-839F-4F84A7DE2EBC}.Release|Any CPU.Deploy.0 = Release|Any CPU
		{0A61DFC8-702E-4AD2-839F-4F84A7DE2EBC}.Release|LathemCTPX (ARMv4I).ActiveCfg = Release|Any CPU
		{0A61DFC8-702E-4AD2-839F-4F84A7DE2EBC}.Release|Mixed Platforms.ActiveCfg = Release|Any CPU
		{0A61DFC8-702E-4AD2-839F-4F84A7DE2EBC}.Release|Mixed Platforms.Build.0 = Release|Any CPU
		{0A61DFC8-702E-4AD2-839F-4F84A7DE2EBC}.Release|Mixed Platforms.Deploy.0 = Release|Any CPU
		{0A61DFC8-702E-4AD2-839F-4F84A7DE2EBC}.Release|Pocket PC 2003 (ARMV4).ActiveCfg = Release|Any CPU
		{0A61DFC8-702E-4AD2-839F-4F84A7DE2EBC}.Release|Win32.ActiveCfg = Release|Any CPU
		{0A61DFC8-702E-4AD2-839F-4F84A7DE2EBC}.Release|x86.ActiveCfg = Release|Any CPU
		{0A61DFC8-702E-4AD2-839F-4F84A7DE2EBC}.ZClock|.NET.ActiveCfg = ZClock|Any CPU
		{0A61DFC8-702E-4AD2-839F-4F84A7DE2EBC}.ZClock|Any CPU.ActiveCfg = ZClock|Any CPU
		{0A61DFC8-702E-4AD2-839F-4F84A7DE2EBC}.ZClock|Any CPU.Build.0 = ZClock|Any CPU
		{0A61DFC8-702E-4AD2-839F-4F84A7DE2EBC}.ZClock|Any CPU.Deploy.0 = ZClock|Any CPU
		{0A61DFC8-702E-4AD2-839F-4F84A7DE2EBC}.ZClock|LathemCTPX (ARMv4I).ActiveCfg = ZClock|Any CPU
		{0A61DFC8-702E-4AD2-839F-4F84A7DE2EBC}.ZClock|Mixed Platforms.ActiveCfg = ZClock|Any CPU
		{0A61DFC8-702E-4AD2-839F-4F84A7DE2EBC}.ZClock|Mixed Platforms.Build.0 = ZClock|Any CPU
		{0A61DFC8-702E-4AD2-839F-4F84A7DE2EBC}.ZClock|Mixed Platforms.Deploy.0 = ZClock|Any CPU
		{0A61DFC8-702E-4AD2-839F-4F84A7DE2EBC}.ZClock|Pocket PC 2003 (ARMV4).ActiveCfg = ZClock|Any CPU
		{0A61DFC8-702E-4AD2-839F-4F84A7DE2EBC}.ZClock|Win32.ActiveCfg = ZClock|Any CPU
		{0A61DFC8-702E-4AD2-839F-4F84A7DE2EBC}.ZClock|x86.ActiveCfg = ZClock|Any CPU
		{633E4450-A619-47CD-A365-3EEC5CAD661E}.Debug|.NET.ActiveCfg = Debug|Any CPU
		{633E4450-A619-47CD-A365-3EEC5CAD661E}.Debug|Any CPU.ActiveCfg = Debug|Any CPU
		{633E4450-A619-47CD-A365-3EEC5CAD661E}.Debug|Any CPU.Build.0 = Debug|Any CPU
		{633E4450-A619-47CD-A365-3EEC5CAD661E}.Debug|Any CPU.Deploy.0 = Debug|Any CPU
		{633E4450-A619-47CD-A365-3EEC5CAD661E}.Debug|LathemCTPX (ARMv4I).ActiveCfg = Debug|Any CPU
		{633E4450-A619-47CD-A365-3EEC5CAD661E}.Debug|Mixed Platforms.ActiveCfg = Debug|Any CPU
		{633E4450-A619-47CD-A365-3EEC5CAD661E}.Debug|Pocket PC 2003 (ARMV4).ActiveCfg = Debug|Any CPU
		{633E4450-A619-47CD-A365-3EEC5CAD661E}.Debug|Win32.ActiveCfg = Debug|Any CPU
		{633E4450-A619-47CD-A365-3EEC5CAD661E}.Debug|x86.ActiveCfg = Debug|Any CPU
		{633E4450-A619-47CD-A365-3EEC5CAD661E}.Release|.NET.ActiveCfg = Release|Any CPU
		{633E4450-A619-47CD-A365-3EEC5CAD661E}.Release|Any CPU.ActiveCfg = Release|Any CPU
		{633E4450-A619-47CD-A365-3EEC5CAD661E}.Release|Any CPU.Build.0 = Release|Any CPU
		{633E4450-A619-47CD-A365-3EEC5CAD661E}.Release|Any CPU.Deploy.0 = Release|Any CPU
		{633E4450-A619-47CD-A365-3EEC5CAD661E}.Release|LathemCTPX (ARMv4I).ActiveCfg = Release|Any CPU
		{633E4450-A619-47CD-A365-3EEC5CAD661E}.Release|Mixed Platforms.ActiveCfg = Release|Any CPU
		{633E4450-A619-47CD-A365-3EEC5CAD661E}.Release|Mixed Platforms.Build.0 = Release|Any CPU
		{633E4450-A619-47CD-A365-3EEC5CAD661E}.Release|Mixed Platforms.Deploy.0 = Release|Any CPU
		{633E4450-A619-47CD-A365-3EEC5CAD661E}.Release|Pocket PC 2003 (ARMV4).ActiveCfg = Release|Any CPU
		{633E4450-A619-47CD-A365-3EEC5CAD661E}.Release|Win32.ActiveCfg = Release|Any CPU
		{633E4450-A619-47CD-A365-3EEC5CAD661E}.Release|x86.ActiveCfg = Release|Any CPU
		{633E4450-A619-47CD-A365-3EEC5CAD661E}.ZClock|.NET.ActiveCfg = Release|Any CPU
		{633E4450-A619-47CD-A365-3EEC5CAD661E}.ZClock|Any CPU.ActiveCfg = Release|Any CPU
		{633E4450-A619-47CD-A365-3EEC5CAD661E}.ZClock|Any CPU.Build.0 = Release|Any CPU
		{633E4450-A619-47CD-A365-3EEC5CAD661E}.ZClock|Any CPU.Deploy.0 = Release|Any CPU
		{633E4450-A619-47CD-A365-3EEC5CAD661E}.ZClock|LathemCTPX (ARMv4I).ActiveCfg = Release|Any CPU
		{633E4450-A619-47CD-A365-3EEC5CAD661E}.ZClock|Mixed Platforms.ActiveCfg = Release|Any CPU
		{633E4450-A619-47CD-A365-3EEC5CAD661E}.ZClock|Mixed Platforms.Build.0 = Release|Any CPU
		{633E4450-A619-47CD-A365-3EEC5CAD661E}.ZClock|Mixed Platforms.Deploy.0 = Release|Any CPU
		{633E4450-A619-47CD-A365-3EEC5CAD661E}.ZClock|Pocket PC 2003 (ARMV4).ActiveCfg = Release|Any CPU
		{633E4450-A619-47CD-A365-3EEC5CAD661E}.ZClock|Win32.ActiveCfg = Release|Any CPU
		{633E4450-A619-47CD-A365-3EEC5CAD661E}.ZClock|x86.ActiveCfg = Release|Any CPU
		{6E6F3282-9AAB-456B-A56E-C064D798E975}.Debug|.NET.ActiveCfg = Debug|Pocket PC 2003 (ARMV4)
		{6E6F3282-9AAB-456B-A56E-C064D798E975}.Debug|Any CPU.ActiveCfg = Debug|Pocket PC 2003 (ARMV4)
		{6E6F3282-9AAB-456B-A56E-C064D798E975}.Debug|LathemCTPX (ARMv4I).ActiveCfg = Debug|Pocket PC 2003 (ARMV4)
		{6E6F3282-9AAB-456B-A56E-C064D798E975}.Debug|Mixed Platforms.ActiveCfg = Debug|Pocket PC 2003 (ARMV4)
		{6E6F3282-9AAB-456B-A56E-C064D798E975}.Debug|Mixed Platforms.Build.0 = Debug|Pocket PC 2003 (ARMV4)
		{6E6F3282-9AAB-456B-A56E-C064D798E975}.Debug|Mixed Platforms.Deploy.0 = Debug|Pocket PC 2003 (ARMV4)
		{6E6F3282-9AAB-456B-A56E-C064D798E975}.Debug|Pocket PC 2003 (ARMV4).ActiveCfg = Debug|Pocket PC 2003 (ARMV4)
		{6E6F3282-9AAB-456B-A56E-C064D798E975}.Debug|Pocket PC 2003 (ARMV4).Build.0 = Debug|Pocket PC 2003 (ARMV4)
		{6E6F3282-9AAB-456B-A56E-C064D798E975}.Debug|Pocket PC 2003 (ARMV4).Deploy.0 = Debug|Pocket PC 2003 (ARMV4)
		{6E6F3282-9AAB-456B-A56E-C064D798E975}.Debug|Win32.ActiveCfg = Debug|Win32
		{6E6F3282-9AAB-456B-A56E-C064D798E975}.Debug|Win32.Build.0 = Debug|Win32
		{6E6F3282-9AAB-456B-A56E-C064D798E975}.Debug|x86.ActiveCfg = Debug|Pocket PC 2003 (ARMV4)
		{6E6F3282-9AAB-456B-A56E-C064D798E975}.Release|.NET.ActiveCfg = Release|Pocket PC 2003 (ARMV4)
		{6E6F3282-9AAB-456B-A56E-C064D798E975}.Release|Any CPU.ActiveCfg = Release|Pocket PC 2003 (ARMV4)
		{6E6F3282-9AAB-456B-A56E-C064D798E975}.Release|LathemCTPX (ARMv4I).ActiveCfg = Release|Pocket PC 2003 (ARMV4)
		{6E6F3282-9AAB-456B-A56E-C064D798E975}.Release|Mixed Platforms.ActiveCfg = Release|Pocket PC 2003 (ARMV4)
		{6E6F3282-9AAB-456B-A56E-C064D798E975}.Release|Mixed Platforms.Build.0 = Release|Pocket PC 2003 (ARMV4)
		{6E6F3282-9AAB-456B-A56E-C064D798E975}.Release|Mixed Platforms.Deploy.0 = Release|Pocket PC 2003 (ARMV4)
		{6E6F3282-9AAB-456B-A56E-C064D798E975}.Release|Pocket PC 2003 (ARMV4).ActiveCfg = Release|Pocket PC 2003 (ARMV4)
		{6E6F3282-9AAB-456B-A56E-C064D798E975}.Release|Pocket PC 2003 (ARMV4).Build.0 = Release|Pocket PC 2003 (ARMV4)
		{6E6F3282-9AAB-456B-A56E-C064D798E975}.Release|Pocket PC 2003 (ARMV4).Deploy.0 = Release|Pocket PC 2003 (ARMV4)
		{6E6F3282-9AAB-456B-A56E-C064D798E975}.Release|Win32.ActiveCfg = Release|Win32
		{6E6F3282-9AAB-456B-A56E-C064D798E975}.Release|Win32.Build.0 = Release|Win32
		{6E6F3282-9AAB-456B-A56E-C064D798E975}.Release|x86.ActiveCfg = Release|Pocket PC 2003 (ARMV4)
		{6E6F3282-9AAB-456B-A56E-C064D798E975}.ZClock|.NET.ActiveCfg = Release|Pocket PC 2003 (ARMV4)
		{6E6F3282-9AAB-456B-A56E-C064D798E975}.ZClock|Any CPU.ActiveCfg = Release|Pocket PC 2003 (ARMV4)
		{6E6F3282-9AAB-456B-A56E-C064D798E975}.ZClock|LathemCTPX (ARMv4I).ActiveCfg = Release|Pocket PC 2003 (ARMV4)
		{6E6F3282-9AAB-456B-A56E-C064D798E975}.ZClock|Mixed Platforms.ActiveCfg = Release|Pocket PC 2003 (ARMV4)
		{6E6F3282-9AAB-456B-A56E-C064D798E975}.ZClock|Mixed Platforms.Build.0 = Release|Pocket PC 2003 (ARMV4)
		{6E6F3282-9AAB-456B-A56E-C064D798E975}.ZClock|Mixed Platforms.Deploy.0 = Release|Pocket PC 2003 (ARMV4)
		{6E6F3282-9AAB-456B-A56E-C064D798E975}.ZClock|Pocket PC 2003 (ARMV4).ActiveCfg = Release|Pocket PC 2003 (ARMV4)
		{6E6F3282-9AAB-456B-A56E-C064D798E975}.ZClock|Pocket PC 2003 (ARMV4).Build.0 = Release|Pocket PC 2003 (ARMV4)
		{6E6F3282-9AAB-456B-A56E-C064D798E975}.ZClock|Pocket PC 2003 (ARMV4).Deploy.0 = Release|Pocket PC 2003 (ARMV4)
		{6E6F3282-9AAB-456B-A56E-C064D798E975}.ZClock|Win32.ActiveCfg = Release|Pocket PC 2003 (ARMV4)
		{6E6F3282-9AAB-456B-A56E-C064D798E975}.ZClock|x86.ActiveCfg = Release|Pocket PC 2003 (ARMV4)
		{3876B0EF-515C-4991-8EAD-338923299384}.Debug|.NET.ActiveCfg = Debug|x86
		{3876B0EF-515C-4991-8EAD-338923299384}.Debug|Any CPU.ActiveCfg = Debug|Any CPU
		{3876B0EF-515C-4991-8EAD-338923299384}.Debug|Any CPU.Build.0 = Debug|Any CPU
		{3876B0EF-515C-4991-8EAD-338923299384}.Debug|LathemCTPX (ARMv4I).ActiveCfg = Debug|x86
		{3876B0EF-515C-4991-8EAD-338923299384}.Debug|Mixed Platforms.ActiveCfg = Debug|x86
		{3876B0EF-515C-4991-8EAD-338923299384}.Debug|Mixed Platforms.Build.0 = Debug|x86
		{3876B0EF-515C-4991-8EAD-338923299384}.Debug|Pocket PC 2003 (ARMV4).ActiveCfg = Debug|x86
		{3876B0EF-515C-4991-8EAD-338923299384}.Debug|Win32.ActiveCfg = Debug|x86
		{3876B0EF-515C-4991-8EAD-338923299384}.Debug|x86.ActiveCfg = Debug|x86
		{3876B0EF-515C-4991-8EAD-338923299384}.Debug|x86.Build.0 = Debug|x86
		{3876B0EF-515C-4991-8EAD-338923299384}.Release|.NET.ActiveCfg = Release|x86
		{3876B0EF-515C-4991-8EAD-338923299384}.Release|Any CPU.ActiveCfg = Release|Any CPU
		{3876B0EF-515C-4991-8EAD-338923299384}.Release|Any CPU.Build.0 = Release|Any CPU
		{3876B0EF-515C-4991-8EAD-338923299384}.Release|LathemCTPX (ARMv4I).ActiveCfg = Release|x86
		{3876B0EF-515C-4991-8EAD-338923299384}.Release|Mixed Platforms.ActiveCfg = Release|x86
		{3876B0EF-515C-4991-8EAD-338923299384}.Release|Mixed Platforms.Build.0 = Release|x86
		{3876B0EF-515C-4991-8EAD-338923299384}.Release|Pocket PC 2003 (ARMV4).ActiveCfg = Release|x86
		{3876B0EF-515C-4991-8EAD-338923299384}.Release|Win32.ActiveCfg = Release|x86
		{3876B0EF-515C-4991-8EAD-338923299384}.Release|x86.ActiveCfg = Release|x86
		{3876B0EF-515C-4991-8EAD-338923299384}.Release|x86.Build.0 = Release|x86
		{3876B0EF-515C-4991-8EAD-338923299384}.ZClock|.NET.ActiveCfg = Release|x86
		{3876B0EF-515C-4991-8EAD-338923299384}.ZClock|Any CPU.ActiveCfg = Release|x86
		{3876B0EF-515C-4991-8EAD-338923299384}.ZClock|LathemCTPX (ARMv4I).ActiveCfg = Release|x86
		{3876B0EF-515C-4991-8EAD-338923299384}.ZClock|Mixed Platforms.ActiveCfg = Release|x86
		{3876B0EF-515C-4991-8EAD-338923299384}.ZClock|Mixed Platforms.Build.0 = Release|x86
		{3876B0EF-515C-4991-8EAD-338923299384}.ZClock|Pocket PC 2003 (ARMV4).ActiveCfg = Release|x86
		{3876B0EF-515C-4991-8EAD-338923299384}.ZClock|Win32.ActiveCfg = Release|x86
		{3876B0EF-515C-4991-8EAD-338923299384}.ZClock|x86.ActiveCfg = Release|x86
		{3876B0EF-515C-4991-8EAD-338923299384}.ZClock|x86.Build.0 = Release|x86
	EndGlobalSection
	GlobalSection(SolutionProperties) = preSolution
		HideSolutionNode = FALSE
	EndGlobalSection
	GlobalSection(SubversionScc) = preSolution
		Svn-Managed = True
		Manager = AnkhSVN - Subversion Support for Visual Studio
	EndGlobalSection
EndGlobal
